{
  "name": "gatsby-remark-encrypt",
  "version": "1.0.1",
  "lockfileVersion": 1,
  "requires": true,
  "dependencies": {
    "ccount": {
      "version": "1.1.0",
      "resolved": "https://registry.npm.taobao.org/ccount/download/ccount-1.1.0.tgz?cache=0&sync_timestamp=1603876828535&other_urls=https%3A%2F%2Fregistry.npm.taobao.org%2Fccount%2Fdownload%2Fccount-1.1.0.tgz",
      "integrity": "sha1-JGaH3rtgFHNRMb6KurLZOJj40EM="
    },
    "character-entities-html4": {
      "version": "1.1.4",
      "resolved": "https://registry.npm.taobao.org/character-entities-html4/download/character-entities-html4-1.1.4.tgz",
      "integrity": "sha1-DmSwo3U92/H9wETF/QHQGZoC4SU="
    },
    "character-entities-legacy": {
      "version": "1.1.4",
      "resolved": "https://registry.npm.taobao.org/character-entities-legacy/download/character-entities-legacy-1.1.4.tgz",
      "integrity": "sha1-lLwYRdznClu50uzHSHJWYSk9j8E="
    },
    "collapse-white-space": {
      "version": "1.0.6",
      "resolved": "https://registry.npm.taobao.org/collapse-white-space/download/collapse-white-space-1.0.6.tgz",
      "integrity": "sha1-5jYpwAFmZXkgYNu+t5xCI50sUoc="
    },
    "comma-separated-tokens": {
      "version": "1.0.8",
      "resolved": "https://registry.npm.taobao.org/comma-separated-tokens/download/comma-separated-tokens-1.0.8.tgz",
      "integrity": "sha1-YyuAthF4Z6FY8QgK1Jiy++fj9eo="
    },
    "crypto-js": {
      "version": "4.0.0",
      "resolved": "https://registry.npm.taobao.org/crypto-js/download/crypto-js-4.0.0.tgz",
      "integrity": "sha1-KQSrJnep0EKFai6i74DekuSjbcw="
    },
    "detab": {
      "version": "2.0.4",
      "resolved": "https://registry.npm.taobao.org/detab/download/detab-2.0.4.tgz",
      "integrity": "sha1-uSeJIGmv9AX7uaGG/pekSpKpS0M=",
      "requires": {
        "repeat-string": "^1.5.4"
      }
    },
    "hast-util-is-element": {
      "version": "1.1.0",
      "resolved": "https://registry.npm.taobao.org/hast-util-is-element/download/hast-util-is-element-1.1.0.tgz",
      "integrity": "sha1-Oz7VFZonB8YTe0hjf7/gaOF1pCU="
    },
    "hast-util-to-html": {
      "version": "4.0.1",
      "resolved": "https://registry.npm.taobao.org/hast-util-to-html/download/hast-util-to-html-4.0.1.tgz",
      "integrity": "sha1-NmawWvtivWn49ebJTbBN6hlDjio=",
      "requires": {
        "ccount": "^1.0.0",
        "comma-separated-tokens": "^1.0.1",
        "hast-util-is-element": "^1.0.0",
        "hast-util-whitespace": "^1.0.0",
        "html-void-elements": "^1.0.0",
        "property-information": "^4.0.0",
        "space-separated-tokens": "^1.0.0",
        "stringify-entities": "^1.0.1",
        "unist-util-is": "^2.0.0",
        "xtend": "^4.0.1"
      }
    },
    "hast-util-whitespace": {
      "version": "1.0.4",
      "resolved": "https://registry.npm.taobao.org/hast-util-whitespace/download/hast-util-whitespace-1.0.4.tgz",
      "integrity": "sha1-5P53xKmuHLLmwl4C3wBD0BZPbkE="
    },
    "html-void-elements": {
      "version": "1.0.5",
      "resolved": "https://registry.npm.taobao.org/html-void-elements/download/html-void-elements-1.0.5.tgz",
      "integrity": "sha1-zpFZSU6G2V5FeVsWbCAhws/KRIM="
    },
    "is-alphabetical": {
      "version": "1.0.4",
      "resolved": "https://registry.npm.taobao.org/is-alphabetical/download/is-alphabetical-1.0.4.tgz",
      "integrity": "sha1-nn1rlJFr4iFTdF0YTCmMv5hqaG0="
    },
    "is-alphanumerical": {
      "version": "1.0.4",
      "resolved": "https://registry.npm.taobao.org/is-alphanumerical/download/is-alphanumerical-1.0.4.tgz",
      "integrity": "sha1-frmiQx+FX2se8aeOMm31FWlsTb8=",
      "requires": {
        "is-alphabetical": "^1.0.0",
        "is-decimal": "^1.0.0"
      }
    },
    "is-decimal": {
      "version": "1.0.4",
      "resolved": "https://registry.npm.taobao.org/is-decimal/download/is-decimal-1.0.4.tgz",
      "integrity": "sha1-ZaOllYocW2OnBuGzM9fNn2MNP6U="
    },
    "is-hexadecimal": {
      "version": "1.0.4",
      "resolved": "https://registry.npm.taobao.org/is-hexadecimal/download/is-hexadecimal-1.0.4.tgz",
      "integrity": "sha1-zDXJdYjaS9Saju3WvECC1E3LI6c="
    },
    "mdast-util-definitions": {
      "version": "1.2.5",
      "resolved": "https://registry.npm.taobao.org/mdast-util-definitions/download/mdast-util-definitions-1.2.5.tgz?cache=0&sync_timestamp=1601720394696&other_urls=https%3A%2F%2Fregistry.npm.taobao.org%2Fmdast-util-definitions%2Fdownload%2Fmdast-util-definitions-1.2.5.tgz",
      "integrity": "sha1-P+YipBccd069BvEen4r37FPqXHQ=",
      "requires": {
        "unist-util-visit": "^1.0.0"
      }
    },
    "mdast-util-to-hast": {
      "version": "3.0.4",
      "resolved": "https://registry.npm.taobao.org/mdast-util-to-hast/download/mdast-util-to-hast-3.0.4.tgz?cache=0&sync_timestamp=1605264629324&other_urls=https%3A%2F%2Fregistry.npm.taobao.org%2Fmdast-util-to-hast%2Fdownload%2Fmdast-util-to-hast-3.0.4.tgz",
      "integrity": "sha1-EyABsmYDEZI0jTNmprAR8o5U3EA=",
      "requires": {
        "collapse-white-space": "^1.0.0",
        "detab": "^2.0.0",
        "mdast-util-definitions": "^1.2.0",
        "mdurl": "^1.0.1",
        "trim": "0.0.1",
        "trim-lines": "^1.0.0",
        "unist-builder": "^1.0.1",
        "unist-util-generated": "^1.1.0",
        "unist-util-position": "^3.0.0",
        "unist-util-visit": "^1.1.0",
        "xtend": "^4.0.1"
      }
    },
    "mdurl": {
      "version": "1.0.1",
      "resolved": "https://registry.npm.taobao.org/mdurl/download/mdurl-1.0.1.tgz",
      "integrity": "sha1-/oWy7HWlkDfyrf7BAP1sYBdhFS4="
    },
    "object-assign": {
      "version": "4.1.1",
      "resolved": "https://registry.npm.taobao.org/object-assign/download/object-assign-4.1.1.tgz",
      "integrity": "sha1-IQmtx5ZYh8/AXLvUQsrIv7s2CGM="
    },
    "property-information": {
      "version": "4.2.0",
      "resolved": "https://registry.npm.taobao.org/property-information/download/property-information-4.2.0.tgz",
      "integrity": "sha1-8OZuB8vW/tMdloRNlY0VOtPrSG4=",
      "requires": {
        "xtend": "^4.0.1"
      }
    },
    "repeat-string": {
      "version": "1.6.1",
      "resolved": "https://registry.npm.taobao.org/repeat-string/download/repeat-string-1.6.1.tgz",
      "integrity": "sha1-jcrkcOHIirwtYA//Sndihtp15jc="
    },
    "space-separated-tokens": {
      "version": "1.1.5",
      "resolved": "https://registry.npm.taobao.org/space-separated-tokens/download/space-separated-tokens-1.1.5.tgz",
      "integrity": "sha1-hfMsPRDZaCAH6RdBTdxcJtGqaJk="
    },
    "stringify-entities": {
      "version": "1.3.2",
      "resolved": "https://registry.npm.taobao.org/stringify-entities/download/stringify-entities-1.3.2.tgz?cache=0&sync_timestamp=1603096730414&other_urls=https%3A%2F%2Fregistry.npm.taobao.org%2Fstringify-entities%2Fdownload%2Fstringify-entities-1.3.2.tgz",
      "integrity": "sha1-qYQX5Ucf0iez5F09sYYcEcr2aPc=",
      "requires": {
        "character-entities-html4": "^1.0.0",
        "character-entities-legacy": "^1.0.0",
        "is-alphanumerical": "^1.0.0",
        "is-hexadecimal": "^1.0.0"
      }
    },
    "trim": {
      "version": "0.0.1",
      "resolved": "https://registry.npm.taobao.org/trim/download/trim-0.0.1.tgz",
      "integrity": "sha1-WFhUf2spB1fulczMZm+1AITEYN0="
    },
    "trim-lines": {
      "version": "1.1.3",
      "resolved": "https://registry.npm.taobao.org/trim-lines/download/trim-lines-1.1.3.tgz",
      "integrity": "sha1-g5UUvoJCj9nn7InjUIGv6Pb5MRU="
    },
    "unist-builder": {
      "version": "1.0.4",
      "resolved": "https://registry.npm.taobao.org/unist-builder/download/unist-builder-1.0.4.tgz",
      "integrity": "sha1-4YCK7TC9cq3DYH8lr+zr703Vnhc=",
      "requires": {
        "object-assign": "^4.1.0"
      }
    },
    "unist-util-generated": {
      "version": "1.1.6",
      "resolved": "https://registry.npm.taobao.org/unist-util-generated/download/unist-util-generated-1.1.6.tgz",
      "integrity": "sha1-WrUfaJ4pkqRyvrGzXyzn/y8yTUs="
    },
    "unist-util-is": {
      "version": "2.1.3",
      "resolved": "https://registry.npm.taobao.org/unist-util-is/download/unist-util-is-2.1.3.tgz?cache=0&sync_timestamp=1606662751366&other_urls=https%3A%2F%2Fregistry.npm.taobao.org%2Funist-util-is%2Fdownload%2Funist-util-is-2.1.3.tgz",
      "integrity": "sha1-RZGC2zH0dC/OrqiNQpaTy/AEPSA="
    },
    "unist-util-position": {
      "version": "3.1.0",
      "resolved": "https://registry.npm.taobao.org/unist-util-position/download/unist-util-position-3.1.0.tgz",
      "integrity": "sha1-HELuYwH41S9H0U9iu9t5ZXH6LUc="
    },
    "unist-util-visit": {
      "version": "1.4.1",
      "resolved": "https://registry.npm.taobao.org/unist-util-visit/download/unist-util-visit-1.4.1.tgz",
      "integrity": "sha1-RySqqEhububibX/zyGhZYNVgseM=",
      "requires": {
        "unist-util-visit-parents": "^2.0.0"
      }
    },
    "unist-util-visit-parents": {
      "version": "2.1.2",
      "resolved": "https://registry.npm.taobao.org/unist-util-visit-parents/download/unist-util-visit-parents-2.1.2.tgz?cache=0&sync_timestamp=1603108482643&other_urls=https%3A%2F%2Fregistry.npm.taobao.org%2Funist-util-visit-parents%2Fdownload%2Funist-util-visit-parents-2.1.2.tgz",
      "integrity": "sha1-JeQ+VTEhZvM0jK5nQ1iHgdESwek=",
      "requires": {
        "unist-util-is": "^3.0.0"
      },
      "dependencies": {
        "unist-util-is": {
          "version": "3.0.0",
          "resolved": "https://registry.npm.taobao.org/unist-util-is/download/unist-util-is-3.0.0.tgz?cache=0&sync_timestamp=1606662751366&other_urls=https%3A%2F%2Fregistry.npm.taobao.org%2Funist-util-is%2Fdownload%2Funist-util-is-3.0.0.tgz",
          "integrity": "sha1-2ehDgcJGjoJinkpb6dfQWi3TJM0="
        }
      }
    },
    "xtend": {
      "version": "4.0.2",
      "resolved": "https://registry.npm.taobao.org/xtend/download/xtend-4.0.2.tgz",
      "integrity": "sha1-u3J3n1+kZRhrH0OPZ0+jR/2121Q="
    }
  }
}
